
Microsoft Visual Studio Solution File, Format Version 12.00
# Visual Studio Version 16
VisualStudioVersion = 16.0.30204.135
MinimumVisualStudioVersion = 10.0.40219.1
Project("{FAE04EC0-301F-11D3-BF4B-00C04F79EFBC}") = "The3class", "The3class\The3class.csproj", "{65EE15A6-D20C-423F-A3EE-336F749D5493}"
EndProject
Global
	GlobalSection(SolutionConfigurationPlatforms) = preSolution
		Debug|Any CPU = Debug|Any CPU
		Release|Any CPU = Release|Any CPU
	EndGlobalSection
	GlobalSection(ProjectConfigurationPlatforms) = postSolution
		{65EE15A6-D20C-423F-A3EE-336F749D5493}.Debug|Any CPU.ActiveCfg = Debug|Any CPU
		{65EE15A6-D20C-423F-A3EE-336F749D5493}.Debug|Any CPU.Build.0 = Debug|Any CPU
		{65EE15A6-D20C-423F-A3EE-336F749D5493}.Release|Any CPU.ActiveCfg = Release|Any CPU
		{65EE15A6-D20C-423F-A3EE-336F749D5493}.Release|Any CPU.Build.0 = Release|Any CPU
	EndGlobalSection
	GlobalSection(SolutionProperties) = preSolution
		HideSolutionNode = FALSE
	EndGlobalSection
	GlobalSection(ExtensibilityGlobals) = postSolution
		SolutionGuid = {49D59043-A4F7-43E9-8B80-FEDE1F2CC256}
	EndGlobalSection
EndGlobal
